
Microsoft Visual Studio Solution File, Format Version 11.00
# Visual Studio 2010
Project("{FAE04EC0-301F-11D3-BF4B-00C04F79EFBC}") = "Bug_Tra", "Assembly-CSharp-firstpass.csproj", "{D8269348-8FB7-0F0D-091E-766136E0E4EC}"
EndProject
Project("{FAE04EC0-301F-11D3-BF4B-00C04F79EFBC}") = "Bug_Tra", "Assembly-CSharp.csproj", "{AABD0AFC-0F6C-C755-61AD-DB5C29668D73}"
EndProject
Global
	GlobalSection(SolutionConfigurationPlatforms) = preSolution
		Debug|Any CPU = Debug|Any CPU
		Release|Any CPU = Release|Any CPU
	EndGlobalSection
	GlobalSection(ProjectConfigurationPlatforms) = postSolution
		{D8269348-8FB7-0F0D-091E-766136E0E4EC}.Debug|Any CPU.ActiveCfg = Debug|Any CPU
		{D8269348-8FB7-0F0D-091E-766136E0E4EC}.Debug|Any CPU.Build.0 = Debug|Any CPU
		{D8269348-8FB7-0F0D-091E-766136E0E4EC}.Release|Any CPU.ActiveCfg = Release|Any CPU
		{D8269348-8FB7-0F0D-091E-766136E0E4EC}.Release|Any CPU.Build.0 = Release|Any CPU
		{AABD0AFC-0F6C-C755-61AD-DB5C29668D73}.Debug|Any CPU.ActiveCfg = Debug|Any CPU
		{AABD0AFC-0F6C-C755-61AD-DB5C29668D73}.Debug|Any CPU.Build.0 = Debug|Any CPU
		{AABD0AFC-0F6C-C755-61AD-DB5C29668D73}.Release|Any CPU.ActiveCfg = Release|Any CPU
		{AABD0AFC-0F6C-C755-61AD-DB5C29668D73}.Release|Any CPU.Build.0 = Release|Any CPU
	EndGlobalSection
	GlobalSection(SolutionProperties) = preSolution
		HideSolutionNode = FALSE
	EndGlobalSection
	GlobalSection(MonoDevelopProperties) = preSolution
		StartupItem = Assembly-CSharp.csproj
	EndGlobalSection
EndGlobal
